// !$*UTF8*$!
{
	archiveVersion = 1;
	classes = {
	};
	objectVersion = 46;
	objects = {

/* Begin PBXBuildFile section */
		F5A01A051ECA073F00C77E4A /* AppDelegate.swift in Sources */ = {isa = PBXBuildFile; fileRef = F5A01A041ECA073F00C77E4A /* AppDelegate.swift */; };
		F5A01A071ECA073F00C77E4A /* ViewController.swift in Sources */ = {isa = PBXBuildFile; fileRef = F5A01A061ECA073F00C77E4A /* ViewController.swift */; };
		F5A01A0A1ECA073F00C77E4A /* Main.storyboard in Resources */ = {isa = PBXBuildFile; fileRef = F5A01A081ECA073F00C77E4A /* Main.storyboard */; };
		F5A01A0C1ECA073F00C77E4A /* Assets.xcassets in Resources */ = {isa = PBXBuildFile; fileRef = F5A01A0B1ECA073F00C77E4A /* Assets.xcassets */; };
		F5A01A0F1ECA073F00C77E4A /* LaunchScreen.storyboard in Resources */ = {isa = PBXBuildFile; fileRef = F5A01A0D1ECA073F00C77E4A /* LaunchScreen.storyboard */; };
/* End PBXBuildFile section */

/* Begin PBXFileReference section */
		F5A01A011ECA073F00C77E4A /* HelloUserDefault.app */ = {isa = PBXFileReference; explicitFileType = wrapper.application; includeInIndex = 0; path = HelloUserDefault.app; sourceTree = BUILT_PRODUCTS_DIR; };
		F5A01A041ECA073F00C77E4A /* AppDelegate.swift */ = {isa = PBXFileReference; lastKnownFileType = sourcecode.swift; path = AppDelegate.swift; sourceTree = "<group>"; };
		F5A01A061ECA073F00C77E4A /* ViewController.swift */ = {isa = PBXFileReference; lastKnownFileType = sourcecode.swift; path = ViewController.swift; sourceTree = "<group>"; };
		F5A01A091ECA073F00C77E4A /* Base */ = {isa = PBXFileReference; lastKnownFileType = file.storyboard; name = Base; path = Base.lproj/Main.storyboard; sourceTree = "<group>"; };
		F5A01A0B1ECA073F00C77E4A /* Assets.xcassets */ = {isa = PBXFileReference; lastKnownFileType = folder.assetcatalog; path = Assets.xcassets; sourceTree = "<group>"; };
		F5A01A0E1ECA073F00C77E4A /* Base */ = {isa = PBXFileReference; lastKnownFileType = file.storyboard; name = Base; path = Base.lproj/LaunchScreen.storyboard; sourceTree = "<group>"; };
		F5A01A101ECA073F00C77E4A /* Info.plist */ = {isa = PBXFileReference; lastKnownFileType = text.plist.xml; path = Info.plist; sourceTree = "<group>"; };
/* End PBXFileReference section */

/* Begin PBXFrameworksBuildPhase section */
		F5A019FE1ECA073F00C77E4A /* Frameworks */ = {
			isa = PBXFrameworksBuildPhase;
			buildActionMask = 2147483647;
			files = (
			);
			runOnlyForDeploymentPostprocessing = 0;
		};
/* End PBXFrameworksBuildPhase section */

/* Begin PBXGroup section */
		F5A019F81ECA073F00C77E4A = {
			isa = PBXGroup;
			children = (
				F5A01A031ECA073F00C77E4A /* HelloUserDefault */,
				F5A01A021ECA073F00C77E4A /* Products */,
			);
			sourceTree = "<group>";
		};
		F5A01A021ECA073F00C77E4A /* Products */ = {
			isa = PBXGroup;
			children = (
				F5A01A011ECA073F00C77E4A /* HelloUserDefault.app */,
			);
			name = Products;
			sourceTree = "<group>";
		};
		F5A01A031ECA073F00C77E4A /* HelloUserDefault */ = {
			isa = PBXGroup;
			children = (
				F5A01A041ECA073F00C77E4A /* AppDelegate.swift */,
				F5A01A061ECA073F00C77E4A /* ViewController.swift */,
				F5A01A081ECA073F00C77E4A /* Main.storyboard */,
				F5A01A0B1ECA073F00C77E4A /* Assets.xcassets */,
				F5A01A0D1ECA073F00C77E4A /* LaunchScreen.storyboard */,
				F5A01A101ECA073F00C77E4A /* Info.plist */,
			);
			path = HelloUserDefault;
			sourceTree = "<group>";
		};
/* End PBXGroup section */

/* Begin PBXNativeTarget section */
		F5A01A001ECA073F00C77E4A /* HelloUserDefault */ = {
			isa = PBXNativeTarget;
			buildConfigurationList = F5A01A131ECA073F00C77E4A /* Build configuration list for PBXNativeTarget "HelloUserDefault" */;
			buildPhases = (
				F5A019FD1ECA073F00C77E4A /* Sources */,
				F5A019FE1ECA073F00C77E4A /* Frameworks */,
				F5A019FF1ECA073F00C77E4A /* Resources */,
			);
			buildRules = (
			);
			dependencies = (
			);
			name = HelloUserDefault;
			productName = HelloUserDefault;
			productReference = F5A01A011ECA073F00C77E4A /* HelloUserDefault.app */;
			productType = "com.apple.product-type.application";
		};
/* End PBXNativeTarget section */

/* Begin PBXProject section */
		F5A019F91ECA073F00C77E4A /* Project object */ = {
			isa = PBXProject;
			attributes = {
				LastSwiftUpdateCheck = 0830;
				LastUpgradeCheck = 0830;
				ORGANIZATIONNAME = "NineThreads Inc.";
				TargetAttributes = {
					F5A01A001ECA073F00C77E4A = {
						CreatedOnToolsVersion = 8.3.2;
						DevelopmentTeam = RFZ5JVJ3YV;
						ProvisioningStyle = Automatic;
					};
				};
			};
			buildConfigurationList = F5A019FC1ECA073F00C77E4A /* Build configuration list for PBXProject "HelloUserDefault" */;
			compatibilityVersion = "Xcode 3.2";
			developmentRegion = English;
			hasScannedForEncodings = 0;
			knownRegions = (
				en,
				Base,
			);
			mainGroup = F5A019F81ECA073F00C77E4A;
			productRefGroup = F5A01A021ECA073F00C77E4A /* Products */;
			projectDirPath = "";
			projectRoot = "";
			targets = (
				F5A01A001ECA073F00C77E4A /* HelloUserDefault */,
			);
		};
/* End PBXProject section */

/* Begin PBXResourcesBuildPhase section */
		F5A019FF1ECA073F00C77E4A /* Resources */ = {
			isa = PBXResourcesBuildPhase;
			buildActionMask = 2147483647;
			files = (
				F5A01A0F1ECA073F00C77E4A /* LaunchScreen.storyboard in Resources */,
				F5A01A0C1ECA073F00C77E4A /* Assets.xcassets in Resources */,
				F5A01A0A1ECA073F00C77E4A /* Main.storyboard in Resources */,
			);
			runOnlyForDeploymentPostprocessing = 0;
		};
/* End PBXResourcesBuildPhase section */

/* Begin PBXSourcesBuildPhase section */
		F5A019FD1ECA073F00C77E4A /* Sources */ = {
			isa = PBXSourcesBuildPhase;
			buildActionMask = 2147483647;
			files = (
				F5A01A071ECA073F00C77E4A /* ViewController.swift in Sources */,
				F5A01A051ECA073F00C77E4A /* AppDelegate.swift in Sources */,
			);
			runOnlyForDeploymentPostprocessing = 0;
		};
/* End PBXSourcesBuildPhase section */

/* Begin PBXVariantGroup section */
		F5A01A081ECA073F00C77E4A /* Main.storyboard */ = {
			isa = PBXVariantGroup;
			children = (
				F5A01A091ECA073F00C77E4A /* Base */,
			);
			name = Main.storyboard;
			sourceTree = "<group>";
		};
		F5A01A0D1ECA073F00C77E4A /* LaunchScreen.storyboard */ = {
			isa = PBXVariantGroup;
			children = (
				F5A01A0E1ECA073F00C77E4A /* Base */,
			);
			name = LaunchScreen.storyboard;
			sourceTree = "<group>";
		};
/* End PBXVariantGroup section */

/* Begin XCBuildConfiguration section */
		F5A01A111ECA073F00C77E4A /* Debug */ = {
			isa = XCBuildConfiguration;
			buildSettings = {
				ALWAYS_SEARCH_USER_PATHS = NO;
				CLANG_ANALYZER_NONNULL = YES;
				CLANG_ANALYZER_NUMBER_OBJECT_CONVERSION = YES_AGGRESSIVE;
				CLANG_CXX_LANGUAGE_STANDARD = "gnu++0x";
				CLANG_CXX_LIBRARY = "libc++";
				CLANG_ENABLE_MODULES = YES;
				CLANG_ENABLE_OBJC_ARC = YES;
				CLANG_WARN_BOOL_CONVERSION = YES;
				CLANG_WARN_CONSTANT_CONVERSION = YES;
				CLANG_WARN_DIRECT_OBJC_ISA_USAGE = YES_ERROR;
				CLANG_WARN_DOCUMENTATION_COMMENTS = YES;
				CLANG_WARN_EMPTY_BODY = YES;
				CLANG_WARN_ENUM_CONVERSION = YES;
				CLANG_WARN_INFINITE_RECURSION = YES;
				CLANG_WARN_INT_CONVERSION = YES;
				CLANG_WARN_OBJC_ROOT_CLASS = YES_ERROR;
				CLANG_WARN_SUSPICIOUS_MOVE = YES;
				CLANG_WARN_UNREACHABLE_CODE = YES;
				CLANG_WARN__DUPLICATE_METHOD_MATCH = YES;
				"CODE_SIGN_IDENTITY[sdk=iphoneos*]" = "iPhone Developer";
				COPY_PHASE_STRIP = NO;
				DEBUG_INFORMATION_FORMAT = dwarf;
				ENABLE_STRICT_OBJC_MSGSEND = YES;
				ENABLE_TESTABILITY = YES;
				GCC_C_LANGUAGE_STANDARD = gnu99;
				GCC_DYNAMIC_NO_PIC = NO;
				GCC_NO_COMMON_BLOCKS = YES;
				GCC_OPTIMIZATION_LEVEL = 0;
				GCC_PREPROCESSOR_DEFINITIONS = (
					"DEBUG=1",
					"$(inherited)",
				);
				GCC_WARN_64_TO_32_BIT_CONVERSION = YES;
				GCC_WARN_ABOUT_RETURN_TYPE = YES_ERROR;
				GCC_WARN_UNDECLARED_SELECTOR = YES;
				GCC_WARN_UNINITIALIZED_AUTOS = YES_AGGRESSIVE;
				GCC_WARN_UNUSED_FUNCTION = YES;
				GCC_WARN_UNUSED_VARIABLE = YES;
				IPHONEOS_DEPLOYMENT_TARGET = 10.3;
				MTL_ENABLE_DEBUG_INFO = YES;
				ONLY_ACTIVE_ARCH = YES;
				SDKROOT = iphoneos;
				SWIFT_ACTIVE_COMPILATION_CONDITIONS = DEBUG;
				SWIFT_OPTIMIZATION_LEVEL = "-Onone";
				TARGETED_DEVICE_FAMILY = "1,2";
			};
			name = Debug;
		};
		F5A01A121ECA073F00C77E4A /* Release */ = {
			isa = XCBuildConfiguration;
			buildSettings = {
				ALWAYS_SEARCH_USER_PATHS = NO;
				CLANG_ANALYZER_NONNULL = YES;
				CLANG_ANALYZER_NUMBER_OBJECT_CONVERSION = YES_AGGRESSIVE;
				CLANG_CXX_LANGUAGE_STANDARD = "gnu++0x";
				CLANG_CXX_LIBRARY = "libc++";
				CLANG_ENABLE_MODULES = YES;
				CLANG_ENABLE_OBJC_ARC = YES;
				CLANG_WARN_BOOL_CONVERSION = YES;
				CLANG_WARN_CONSTANT_CONVERSION = YES;
				CLANG_WARN_DIRECT_OBJC_ISA_USAGE = YES_ERROR;
				CLANG_WARN_DOCUMENTATION_COMMENTS = YES;
				CLANG_WARN_EMPTY_BODY = YES;
				CLANG_WARN_ENUM_CONVERSION = YES;
				CLANG_WARN_INFINITE_RECURSION = YES;
				CLANG_WARN_INT_CONVERSION = YES;
				CLANG_WARN_OBJC_ROOT_CLASS = YES_ERROR;
				CLANG_WARN_SUSPICIOUS_MOVE = YES;
				CLANG_WARN_UNREACHABLE_CODE = YES;
				CLANG_WARN__DUPLICATE_METHOD_MATCH = YES;
				"CODE_SIGN_IDENTITY[sdk=iphoneos*]" = "iPhone Developer";
				COPY_PHASE_STRIP = NO;
				DEBUG_INFORMATION_FORMAT = "dwarf-with-dsym";
				ENABLE_NS_ASSERTIONS = NO;
				ENABLE_STRICT_OBJC_MSGSEND = YES;
				GCC_C_LANGUAGE_STANDARD = gnu99;
				GCC_NO_COMMON_BLOCKS = YES;
				GCC_WARN_64_TO_32_BIT_CONVERSION = YES;
				GCC_WARN_ABOUT_RETURN_TYPE = YES_ERROR;
				GCC_WARN_UNDECLARED_SELECTOR = YES;
				GCC_WARN_UNINITIALIZED_AUTOS = YES_AGGRESSIVE;
				GCC_WARN_UNUSED_FUNCTION = YES;
				GCC_WARN_UNUSED_VARIABLE = YES;
				IPHONEOS_DEPLOYMENT_TARGET = 10.3;
				MTL_ENABLE_DEBUG_INFO = NO;
				SDKROOT = iphoneos;
				SWIFT_OPTIMIZATION_LEVEL = "-Owholemodule";
				TARGETED_DEVICE_FAMILY = "1,2";
				VALIDATE_PRODUCT = YES;
			};
			name = Release;
		};
		F5A01A141ECA073F00C77E4A /* Debug */ = {
			isa = XCBuildConfiguration;
			buildSettings = {
				ASSETCATALOG_COMPILER_APPICON_NAME = AppIcon;
				DEVELOPMENT_TEAM = RFZ5JVJ3YV;
				INFOPLIST_FILE = HelloUserDefault/Info.plist;
				LD_RUNPATH_SEARCH_PATHS = "$(inherited) @executable_path/Frameworks";
				PRODUCT_BUNDLE_IDENTIFIER = com.ninethreads.HelloUserDefault;
				PRODUCT_NAME = "$(TARGET_NAME)";
				SWIFT_VERSION = 3.0;
			};
			name = Debug;
		};
		F5A01A151ECA073F00C77E4A /* Release */ = {
			isa = XCBuildConfiguration;
			buildSettings = {
				ASSETCATALOG_COMPILER_APPICON_NAME = AppIcon;
				DEVELOPMENT_TEAM = RFZ5JVJ3YV;
				INFOPLIST_FILE = HelloUserDefault/Info.plist;
				LD_RUNPATH_SEARCH_PATHS = "$(inherited) @executable_path/Frameworks";
				PRODUCT_BUNDLE_IDENTIFIER = com.ninethreads.HelloUserDefault;
				PRODUCT_NAME = "$(TARGET_NAME)";
				SWIFT_VERSION = 3.0;
			};
			name = Release;
		};
/* End XCBuildConfiguration section */

/* Begin XCConfigurationList section */
		F5A019FC1ECA073F00C77E4A /* Build configuration list for PBXProject "HelloUserDefault" */ = {
			isa = XCConfigurationList;
			buildConfigurations = (
				F5A01A111ECA073F00C77E4A /* Debug */,
				F5A01A121ECA073F00C77E4A /* Release */,
			);
			defaultConfigurationIsVisible = 0;
			defaultConfigurationName = Release;
		};
		F5A01A131ECA073F00C77E4A /* Build configuration list for PBXNativeTarget "HelloUserDefault" */ = {
			isa = XCConfigurationList;
			buildConfigurations = (
				F5A01A141ECA073F00C77E4A /* Debug */,
				F5A01A151ECA073F00C77E4A /* Release */,
			);
			defaultConfigurationIsVisible = 0;
		};
/* End XCConfigurationList section */
	};
	rootObject = F5A019F91ECA073F00C77E4A /* Project object */;
}
