// !$*UTF8*$!
{
	archiveVersion = 1;
	classes = {
	};
	objectVersion = 46;
	objects = {

/* Begin PBXBuildFile section */
		F519FB261ECD533600D1CC41 /* AppDelegate.swift in Sources */ = {isa = PBXBuildFile; fileRef = F519FB251ECD533600D1CC41 /* AppDelegate.swift */; };
		F519FB281ECD533600D1CC41 /* ViewController.swift in Sources */ = {isa = PBXBuildFile; fileRef = F519FB271ECD533600D1CC41 /* ViewController.swift */; };
		F519FB2B1ECD533600D1CC41 /* Main.storyboard in Resources */ = {isa = PBXBuildFile; fileRef = F519FB291ECD533600D1CC41 /* Main.storyboard */; };
		F519FB2D1ECD533600D1CC41 /* Assets.xcassets in Resources */ = {isa = PBXBuildFile; fileRef = F519FB2C1ECD533600D1CC41 /* Assets.xcassets */; };
		F519FB301ECD533600D1CC41 /* LaunchScreen.storyboard in Resources */ = {isa = PBXBuildFile; fileRef = F519FB2E1ECD533600D1CC41 /* LaunchScreen.storyboard */; };
/* End PBXBuildFile section */

/* Begin PBXFileReference section */
		F519FB221ECD533600D1CC41 /* HelloMKMapView.app */ = {isa = PBXFileReference; explicitFileType = wrapper.application; includeInIndex = 0; path = HelloMKMapView.app; sourceTree = BUILT_PRODUCTS_DIR; };
		F519FB251ECD533600D1CC41 /* AppDelegate.swift */ = {isa = PBXFileReference; lastKnownFileType = sourcecode.swift; path = AppDelegate.swift; sourceTree = "<group>"; };
		F519FB271ECD533600D1CC41 /* ViewController.swift */ = {isa = PBXFileReference; lastKnownFileType = sourcecode.swift; path = ViewController.swift; sourceTree = "<group>"; };
		F519FB2A1ECD533600D1CC41 /* Base */ = {isa = PBXFileReference; lastKnownFileType = file.storyboard; name = Base; path = Base.lproj/Main.storyboard; sourceTree = "<group>"; };
		F519FB2C1ECD533600D1CC41 /* Assets.xcassets */ = {isa = PBXFileReference; lastKnownFileType = folder.assetcatalog; path = Assets.xcassets; sourceTree = "<group>"; };
		F519FB2F1ECD533600D1CC41 /* Base */ = {isa = PBXFileReference; lastKnownFileType = file.storyboard; name = Base; path = Base.lproj/LaunchScreen.storyboard; sourceTree = "<group>"; };
		F519FB311ECD533600D1CC41 /* Info.plist */ = {isa = PBXFileReference; lastKnownFileType = text.plist.xml; path = Info.plist; sourceTree = "<group>"; };
/* End PBXFileReference section */

/* Begin PBXFrameworksBuildPhase section */
		F519FB1F1ECD533600D1CC41 /* Frameworks */ = {
			isa = PBXFrameworksBuildPhase;
			buildActionMask = 2147483647;
			files = (
			);
			runOnlyForDeploymentPostprocessing = 0;
		};
/* End PBXFrameworksBuildPhase section */

/* Begin PBXGroup section */
		F519FB191ECD533600D1CC41 = {
			isa = PBXGroup;
			children = (
				F519FB241ECD533600D1CC41 /* HelloMKMapView */,
				F519FB231ECD533600D1CC41 /* Products */,
			);
			sourceTree = "<group>";
		};
		F519FB231ECD533600D1CC41 /* Products */ = {
			isa = PBXGroup;
			children = (
				F519FB221ECD533600D1CC41 /* HelloMKMapView.app */,
			);
			name = Products;
			sourceTree = "<group>";
		};
		F519FB241ECD533600D1CC41 /* HelloMKMapView */ = {
			isa = PBXGroup;
			children = (
				F519FB251ECD533600D1CC41 /* AppDelegate.swift */,
				F519FB271ECD533600D1CC41 /* ViewController.swift */,
				F519FB291ECD533600D1CC41 /* Main.storyboard */,
				F519FB2C1ECD533600D1CC41 /* Assets.xcassets */,
				F519FB2E1ECD533600D1CC41 /* LaunchScreen.storyboard */,
				F519FB311ECD533600D1CC41 /* Info.plist */,
			);
			path = HelloMKMapView;
			sourceTree = "<group>";
		};
/* End PBXGroup section */

/* Begin PBXNativeTarget section */
		F519FB211ECD533600D1CC41 /* HelloMKMapView */ = {
			isa = PBXNativeTarget;
			buildConfigurationList = F519FB341ECD533600D1CC41 /* Build configuration list for PBXNativeTarget "HelloMKMapView" */;
			buildPhases = (
				F519FB1E1ECD533600D1CC41 /* Sources */,
				F519FB1F1ECD533600D1CC41 /* Frameworks */,
				F519FB201ECD533600D1CC41 /* Resources */,
			);
			buildRules = (
			);
			dependencies = (
			);
			name = HelloMKMapView;
			productName = HelloMKMapView;
			productReference = F519FB221ECD533600D1CC41 /* HelloMKMapView.app */;
			productType = "com.apple.product-type.application";
		};
/* End PBXNativeTarget section */

/* Begin PBXProject section */
		F519FB1A1ECD533600D1CC41 /* Project object */ = {
			isa = PBXProject;
			attributes = {
				LastSwiftUpdateCheck = 0830;
				LastUpgradeCheck = 0830;
				ORGANIZATIONNAME = "NineThreads Inc.";
				TargetAttributes = {
					F519FB211ECD533600D1CC41 = {
						CreatedOnToolsVersion = 8.3.2;
						DevelopmentTeam = RFZ5JVJ3YV;
						ProvisioningStyle = Automatic;
					};
				};
			};
			buildConfigurationList = F519FB1D1ECD533600D1CC41 /* Build configuration list for PBXProject "HelloMKMapView" */;
			compatibilityVersion = "Xcode 3.2";
			developmentRegion = English;
			hasScannedForEncodings = 0;
			knownRegions = (
				en,
				Base,
			);
			mainGroup = F519FB191ECD533600D1CC41;
			productRefGroup = F519FB231ECD533600D1CC41 /* Products */;
			projectDirPath = "";
			projectRoot = "";
			targets = (
				F519FB211ECD533600D1CC41 /* HelloMKMapView */,
			);
		};
/* End PBXProject section */

/* Begin PBXResourcesBuildPhase section */
		F519FB201ECD533600D1CC41 /* Resources */ = {
			isa = PBXResourcesBuildPhase;
			buildActionMask = 2147483647;
			files = (
				F519FB301ECD533600D1CC41 /* LaunchScreen.storyboard in Resources */,
				F519FB2D1ECD533600D1CC41 /* Assets.xcassets in Resources */,
				F519FB2B1ECD533600D1CC41 /* Main.storyboard in Resources */,
			);
			runOnlyForDeploymentPostprocessing = 0;
		};
/* End PBXResourcesBuildPhase section */

/* Begin PBXSourcesBuildPhase section */
		F519FB1E1ECD533600D1CC41 /* Sources */ = {
			isa = PBXSourcesBuildPhase;
			buildActionMask = 2147483647;
			files = (
				F519FB281ECD533600D1CC41 /* ViewController.swift in Sources */,
				F519FB261ECD533600D1CC41 /* AppDelegate.swift in Sources */,
			);
			runOnlyForDeploymentPostprocessing = 0;
		};
/* End PBXSourcesBuildPhase section */

/* Begin PBXVariantGroup section */
		F519FB291ECD533600D1CC41 /* Main.storyboard */ = {
			isa = PBXVariantGroup;
			children = (
				F519FB2A1ECD533600D1CC41 /* Base */,
			);
			name = Main.storyboard;
			sourceTree = "<group>";
		};
		F519FB2E1ECD533600D1CC41 /* LaunchScreen.storyboard */ = {
			isa = PBXVariantGroup;
			children = (
				F519FB2F1ECD533600D1CC41 /* Base */,
			);
			name = LaunchScreen.storyboard;
			sourceTree = "<group>";
		};
/* End PBXVariantGroup section */

/* Begin XCBuildConfiguration section */
		F519FB321ECD533600D1CC41 /* Debug */ = {
			isa = XCBuildConfiguration;
			buildSettings = {
				ALWAYS_SEARCH_USER_PATHS = NO;
				CLANG_ANALYZER_NONNULL = YES;
				CLANG_ANALYZER_NUMBER_OBJECT_CONVERSION = YES_AGGRESSIVE;
				CLANG_CXX_LANGUAGE_STANDARD = "gnu++0x";
				CLANG_CXX_LIBRARY = "libc++";
				CLANG_ENABLE_MODULES = YES;
				CLANG_ENABLE_OBJC_ARC = YES;
				CLANG_WARN_BOOL_CONVERSION = YES;
				CLANG_WARN_CONSTANT_CONVERSION = YES;
				CLANG_WARN_DIRECT_OBJC_ISA_USAGE = YES_ERROR;
				CLANG_WARN_DOCUMENTATION_COMMENTS = YES;
				CLANG_WARN_EMPTY_BODY = YES;
				CLANG_WARN_ENUM_CONVERSION = YES;
				CLANG_WARN_INFINITE_RECURSION = YES;
				CLANG_WARN_INT_CONVERSION = YES;
				CLANG_WARN_OBJC_ROOT_CLASS = YES_ERROR;
				CLANG_WARN_SUSPICIOUS_MOVE = YES;
				CLANG_WARN_UNREACHABLE_CODE = YES;
				CLANG_WARN__DUPLICATE_METHOD_MATCH = YES;
				"CODE_SIGN_IDENTITY[sdk=iphoneos*]" = "iPhone Developer";
				COPY_PHASE_STRIP = NO;
				DEBUG_INFORMATION_FORMAT = dwarf;
				ENABLE_STRICT_OBJC_MSGSEND = YES;
				ENABLE_TESTABILITY = YES;
				GCC_C_LANGUAGE_STANDARD = gnu99;
				GCC_DYNAMIC_NO_PIC = NO;
				GCC_NO_COMMON_BLOCKS = YES;
				GCC_OPTIMIZATION_LEVEL = 0;
				GCC_PREPROCESSOR_DEFINITIONS = (
					"DEBUG=1",
					"$(inherited)",
				);
				GCC_WARN_64_TO_32_BIT_CONVERSION = YES;
				GCC_WARN_ABOUT_RETURN_TYPE = YES_ERROR;
				GCC_WARN_UNDECLARED_SELECTOR = YES;
				GCC_WARN_UNINITIALIZED_AUTOS = YES_AGGRESSIVE;
				GCC_WARN_UNUSED_FUNCTION = YES;
				GCC_WARN_UNUSED_VARIABLE = YES;
				IPHONEOS_DEPLOYMENT_TARGET = 10.3;
				MTL_ENABLE_DEBUG_INFO = YES;
				ONLY_ACTIVE_ARCH = YES;
				SDKROOT = iphoneos;
				SWIFT_ACTIVE_COMPILATION_CONDITIONS = DEBUG;
				SWIFT_OPTIMIZATION_LEVEL = "-Onone";
				TARGETED_DEVICE_FAMILY = "1,2";
			};
			name = Debug;
		};
		F519FB331ECD533600D1CC41 /* Release */ = {
			isa = XCBuildConfiguration;
			buildSettings = {
				ALWAYS_SEARCH_USER_PATHS = NO;
				CLANG_ANALYZER_NONNULL = YES;
				CLANG_ANALYZER_NUMBER_OBJECT_CONVERSION = YES_AGGRESSIVE;
				CLANG_CXX_LANGUAGE_STANDARD = "gnu++0x";
				CLANG_CXX_LIBRARY = "libc++";
				CLANG_ENABLE_MODULES = YES;
				CLANG_ENABLE_OBJC_ARC = YES;
				CLANG_WARN_BOOL_CONVERSION = YES;
				CLANG_WARN_CONSTANT_CONVERSION = YES;
				CLANG_WARN_DIRECT_OBJC_ISA_USAGE = YES_ERROR;
				CLANG_WARN_DOCUMENTATION_COMMENTS = YES;
				CLANG_WARN_EMPTY_BODY = YES;
				CLANG_WARN_ENUM_CONVERSION = YES;
				CLANG_WARN_INFINITE_RECURSION = YES;
				CLANG_WARN_INT_CONVERSION = YES;
				CLANG_WARN_OBJC_ROOT_CLASS = YES_ERROR;
				CLANG_WARN_SUSPICIOUS_MOVE = YES;
				CLANG_WARN_UNREACHABLE_CODE = YES;
				CLANG_WARN__DUPLICATE_METHOD_MATCH = YES;
				"CODE_SIGN_IDENTITY[sdk=iphoneos*]" = "iPhone Developer";
				COPY_PHASE_STRIP = NO;
				DEBUG_INFORMATION_FORMAT = "dwarf-with-dsym";
				ENABLE_NS_ASSERTIONS = NO;
				ENABLE_STRICT_OBJC_MSGSEND = YES;
				GCC_C_LANGUAGE_STANDARD = gnu99;
				GCC_NO_COMMON_BLOCKS = YES;
				GCC_WARN_64_TO_32_BIT_CONVERSION = YES;
				GCC_WARN_ABOUT_RETURN_TYPE = YES_ERROR;
				GCC_WARN_UNDECLARED_SELECTOR = YES;
				GCC_WARN_UNINITIALIZED_AUTOS = YES_AGGRESSIVE;
				GCC_WARN_UNUSED_FUNCTION = YES;
				GCC_WARN_UNUSED_VARIABLE = YES;
				IPHONEOS_DEPLOYMENT_TARGET = 10.3;
				MTL_ENABLE_DEBUG_INFO = NO;
				SDKROOT = iphoneos;
				SWIFT_OPTIMIZATION_LEVEL = "-Owholemodule";
				TARGETED_DEVICE_FAMILY = "1,2";
				VALIDATE_PRODUCT = YES;
			};
			name = Release;
		};
		F519FB351ECD533600D1CC41 /* Debug */ = {
			isa = XCBuildConfiguration;
			buildSettings = {
				ASSETCATALOG_COMPILER_APPICON_NAME = AppIcon;
				DEVELOPMENT_TEAM = RFZ5JVJ3YV;
				INFOPLIST_FILE = HelloMKMapView/Info.plist;
				LD_RUNPATH_SEARCH_PATHS = "$(inherited) @executable_path/Frameworks";
				PRODUCT_BUNDLE_IDENTIFIER = com.ninethreads.HelloMKMapView;
				PRODUCT_NAME = "$(TARGET_NAME)";
				SWIFT_VERSION = 3.0;
			};
			name = Debug;
		};
		F519FB361ECD533600D1CC41 /* Release */ = {
			isa = XCBuildConfiguration;
			buildSettings = {
				ASSETCATALOG_COMPILER_APPICON_NAME = AppIcon;
				DEVELOPMENT_TEAM = RFZ5JVJ3YV;
				INFOPLIST_FILE = HelloMKMapView/Info.plist;
				LD_RUNPATH_SEARCH_PATHS = "$(inherited) @executable_path/Frameworks";
				PRODUCT_BUNDLE_IDENTIFIER = com.ninethreads.HelloMKMapView;
				PRODUCT_NAME = "$(TARGET_NAME)";
				SWIFT_VERSION = 3.0;
			};
			name = Release;
		};
/* End XCBuildConfiguration section */

/* Begin XCConfigurationList section */
		F519FB1D1ECD533600D1CC41 /* Build configuration list for PBXProject "HelloMKMapView" */ = {
			isa = XCConfigurationList;
			buildConfigurations = (
				F519FB321ECD533600D1CC41 /* Debug */,
				F519FB331ECD533600D1CC41 /* Release */,
			);
			defaultConfigurationIsVisible = 0;
			defaultConfigurationName = Release;
		};
		F519FB341ECD533600D1CC41 /* Build configuration list for PBXNativeTarget "HelloMKMapView" */ = {
			isa = XCConfigurationList;
			buildConfigurations = (
				F519FB351ECD533600D1CC41 /* Debug */,
				F519FB361ECD533600D1CC41 /* Release */,
			);
			defaultConfigurationIsVisible = 0;
		};
/* End XCConfigurationList section */
	};
	rootObject = F519FB1A1ECD533600D1CC41 /* Project object */;
}
